
Microsoft Visual Studio Solution File, Format Version 12.00
# Visual Studio Version 16
VisualStudioVersion = 16.0.31105.61
MinimumVisualStudioVersion = 10.0.40219.1
Project("{9A19103F-16F7-4668-BE54-9A1E7A4F7556}") = "NotFoundBugExample", "NotFoundBugExample\NotFoundBugExample.csproj", "{4028EA97-4EE7-4FF9-A943-DE8419BCD1AB}"
EndProject
Project("{2150E333-8FDC-42A3-9474-1A3956D46DE8}") = "Solution Items", "Solution Items", "{8B12DBFF-56C5-4DA2-B0F4-01B233DCF29E}"
	ProjectSection(SolutionItems) = preProject
		README.md = README.md
	EndProjectSection
EndProject
Global
	GlobalSection(SolutionConfigurationPlatforms) = preSolution
		Debug|Any CPU = Debug|Any CPU
		Release|Any CPU = Release|Any CPU
	EndGlobalSection
	GlobalSection(ProjectConfigurationPlatforms) = postSolution
		{4028EA97-4EE7-4FF9-A943-DE8419BCD1AB}.Debug|Any CPU.ActiveCfg = Debug|Any CPU
		{4028EA97-4EE7-4FF9-A943-DE8419BCD1AB}.Debug|Any CPU.Build.0 = Debug|Any CPU
		{4028EA97-4EE7-4FF9-A943-DE8419BCD1AB}.Release|Any CPU.ActiveCfg = Release|Any CPU
		{4028EA97-4EE7-4FF9-A943-DE8419BCD1AB}.Release|Any CPU.Build.0 = Release|Any CPU
	EndGlobalSection
	GlobalSection(SolutionProperties) = preSolution
		HideSolutionNode = FALSE
	EndGlobalSection
	GlobalSection(ExtensibilityGlobals) = postSolution
		SolutionGuid = {BB40BF90-202F-4EC2-8AEA-C8D520DB6E93}
	EndGlobalSection
EndGlobal
